
Microsoft Visual Studio Solution File, Format Version 12.00
# Visual Studio Version 16
VisualStudioVersion = 16.0.29519.87
MinimumVisualStudioVersion = 10.0.40219.1
Project("{FAE04EC0-301F-11D3-BF4B-00C04F79EFBC}") = "HlianetsShop", "HlianetsShop\HlianetsShop.csproj", "{4A6287D2-5B61-4252-B3A8-A8E94C3FC26A}"
EndProject
Global
	GlobalSection(SolutionConfigurationPlatforms) = preSolution
		Debug|Any CPU = Debug|Any CPU
		Release|Any CPU = Release|Any CPU
	EndGlobalSection
	GlobalSection(ProjectConfigurationPlatforms) = postSolution
		{4A6287D2-5B61-4252-B3A8-A8E94C3FC26A}.Debug|Any CPU.ActiveCfg = Debug|Any CPU
		{4A6287D2-5B61-4252-B3A8-A8E94C3FC26A}.Debug|Any CPU.Build.0 = Debug|Any CPU
		{4A6287D2-5B61-4252-B3A8-A8E94C3FC26A}.Release|Any CPU.ActiveCfg = Release|Any CPU
		{4A6287D2-5B61-4252-B3A8-A8E94C3FC26A}.Release|Any CPU.Build.0 = Release|Any CPU
	EndGlobalSection
	GlobalSection(SolutionProperties) = preSolution
		HideSolutionNode = FALSE
	EndGlobalSection
	GlobalSection(ExtensibilityGlobals) = postSolution
		SolutionGuid = {059894BC-7D89-4BF8-BD3E-89E71FF22D0B}
	EndGlobalSection
EndGlobal
